
Microsoft Visual Studio Solution File, Format Version 12.00
# Visual Studio 2013
VisualStudioVersion = 12.0.31101.0
MinimumVisualStudioVersion = 10.0.40219.1
Project("{8BC9CEB8-8B4A-11D0-8D11-00A0C91BC942}") = "Lab11_VarArrayClasses", "Lab11_VarArrayClasses\Lab11_VarArrayClasses.vcxproj", "{503EF816-5BC1-496E-B7AD-0C8843B5243D}"
EndProject
Global
	GlobalSection(SolutionConfigurationPlatforms) = preSolution
		Debug|Win32 = Debug|Win32
		Release|Win32 = Release|Win32
	EndGlobalSection
	GlobalSection(ProjectConfigurationPlatforms) = postSolution
		{503EF816-5BC1-496E-B7AD-0C8843B5243D}.Debug|Win32.ActiveCfg = Debug|Win32
		{503EF816-5BC1-496E-B7AD-0C8843B5243D}.Debug|Win32.Build.0 = Debug|Win32
		{503EF816-5BC1-496E-B7AD-0C8843B5243D}.Release|Win32.ActiveCfg = Release|Win32
		{503EF816-5BC1-496E-B7AD-0C8843B5243D}.Release|Win32.Build.0 = Release|Win32
	EndGlobalSection
	GlobalSection(SolutionProperties) = preSolution
		HideSolutionNode = FALSE
	EndGlobalSection
EndGlobal
